
Microsoft Visual Studio Solution File, Format Version 12.00
# Visual Studio Version 16
VisualStudioVersion = 16.0.29613.14
MinimumVisualStudioVersion = 10.0.40219.1
Project("{FAE04EC0-301F-11D3-BF4B-00C04F79EFBC}") = "ExtensionMethods", "ExtensionMethods\ExtensionMethods.csproj", "{E861A039-EA1A-422F-B8ED-F9B4DE51AB1A}"
EndProject
Global
	GlobalSection(SolutionConfigurationPlatforms) = preSolution
		Debug|Any CPU = Debug|Any CPU
		Release|Any CPU = Release|Any CPU
	EndGlobalSection
	GlobalSection(ProjectConfigurationPlatforms) = postSolution
		{E861A039-EA1A-422F-B8ED-F9B4DE51AB1A}.Debug|Any CPU.ActiveCfg = Debug|Any CPU
		{E861A039-EA1A-422F-B8ED-F9B4DE51AB1A}.Debug|Any CPU.Build.0 = Debug|Any CPU
		{E861A039-EA1A-422F-B8ED-F9B4DE51AB1A}.Release|Any CPU.ActiveCfg = Release|Any CPU
		{E861A039-EA1A-422F-B8ED-F9B4DE51AB1A}.Release|Any CPU.Build.0 = Release|Any CPU
	EndGlobalSection
	GlobalSection(SolutionProperties) = preSolution
		HideSolutionNode = FALSE
	EndGlobalSection
	GlobalSection(ExtensibilityGlobals) = postSolution
		SolutionGuid = {DD136087-1C0B-4F9B-9C5D-ED926AF01F05}
	EndGlobalSection
EndGlobal
